// !$*UTF8*$!
{
	archiveVersion = 1;
	classes = {
	};
	objectVersion = 56;
	objects = {

/* Begin PBXBuildFile section */
		9E4B9B4C2BB36EC8002CB451 /* AppDelegate.swift in Sources */ = {isa = PBXBuildFile; fileRef = 9E4B9B4B2BB36EC8002CB451 /* AppDelegate.swift */; };
		9E4B9B4E2BB36EC8002CB451 /* SceneDelegate.swift in Sources */ = {isa = PBXBuildFile; fileRef = 9E4B9B4D2BB36EC8002CB451 /* SceneDelegate.swift */; };
		9E4B9B502BB36EC8002CB451 /* ViewController.swift in Sources */ = {isa = PBXBuildFile; fileRef = 9E4B9B4F2BB36EC8002CB451 /* ViewController.swift */; };
		9E4B9B532BB36EC8002CB451 /* Base in Resources */ = {isa = PBXBuildFile; fileRef = 9E4B9B522BB36EC8002CB451 /* Base */; };
		9E4B9B562BB36EC8002CB451 /* challenge_receipt.xcdatamodeld in Sources */ = {isa = PBXBuildFile; fileRef = 9E4B9B542BB36EC8002CB451 /* challenge_receipt.xcdatamodeld */; };
		9E4B9B582BB36ECA002CB451 /* Assets.xcassets in Resources */ = {isa = PBXBuildFile; fileRef = 9E4B9B572BB36ECA002CB451 /* Assets.xcassets */; };
		9E4B9B5B2BB36ECA002CB451 /* Base in Resources */ = {isa = PBXBuildFile; fileRef = 9E4B9B5A2BB36ECA002CB451 /* Base */; };
		9E4B9B672BB37105002CB451 /* ReceiptListViewModel.swift in Sources */ = {isa = PBXBuildFile; fileRef = 9E4B9B662BB37105002CB451 /* ReceiptListViewModel.swift */; };
		9E4B9B692BB37136002CB451 /* Receipt.swift in Sources */ = {isa = PBXBuildFile; fileRef = 9E4B9B682BB37136002CB451 /* Receipt.swift */; };
		9E4B9B6B2BB37199002CB451 /* ReceiptTableViewCell.swift in Sources */ = {isa = PBXBuildFile; fileRef = 9E4B9B6A2BB37199002CB451 /* ReceiptTableViewCell.swift */; };
		9E4B9B6D2BB3721B002CB451 /* ReceiptListViewController.swift in Sources */ = {isa = PBXBuildFile; fileRef = 9E4B9B6C2BB3721B002CB451 /* ReceiptListViewController.swift */; };
		9E4B9B6F2BB372C3002CB451 /* ReceiptDetailViewController.swift in Sources */ = {isa = PBXBuildFile; fileRef = 9E4B9B6E2BB372C3002CB451 /* ReceiptDetailViewController.swift */; };
/* End PBXBuildFile section */

/* Begin PBXFileReference section */
		9E4B9B482BB36EC8002CB451 /* challenge-receipt.app */ = {isa = PBXFileReference; explicitFileType = wrapper.application; includeInIndex = 0; path = "challenge-receipt.app"; sourceTree = BUILT_PRODUCTS_DIR; };
		9E4B9B4B2BB36EC8002CB451 /* AppDelegate.swift */ = {isa = PBXFileReference; lastKnownFileType = sourcecode.swift; path = AppDelegate.swift; sourceTree = "<group>"; };
		9E4B9B4D2BB36EC8002CB451 /* SceneDelegate.swift */ = {isa = PBXFileReference; lastKnownFileType = sourcecode.swift; path = SceneDelegate.swift; sourceTree = "<group>"; };
		9E4B9B4F2BB36EC8002CB451 /* ViewController.swift */ = {isa = PBXFileReference; lastKnownFileType = sourcecode.swift; path = ViewController.swift; sourceTree = "<group>"; };
		9E4B9B522BB36EC8002CB451 /* Base */ = {isa = PBXFileReference; lastKnownFileType = file.storyboard; name = Base; path = Base.lproj/Main.storyboard; sourceTree = "<group>"; };
		9E4B9B552BB36EC8002CB451 /* challenge_receipt.xcdatamodel */ = {isa = PBXFileReference; lastKnownFileType = wrapper.xcdatamodel; path = challenge_receipt.xcdatamodel; sourceTree = "<group>"; };
		9E4B9B572BB36ECA002CB451 /* Assets.xcassets */ = {isa = PBXFileReference; lastKnownFileType = folder.assetcatalog; path = Assets.xcassets; sourceTree = "<group>"; };
		9E4B9B5A2BB36ECA002CB451 /* Base */ = {isa = PBXFileReference; lastKnownFileType = file.storyboard; name = Base; path = Base.lproj/LaunchScreen.storyboard; sourceTree = "<group>"; };
		9E4B9B5C2BB36ECA002CB451 /* Info.plist */ = {isa = PBXFileReference; lastKnownFileType = text.plist.xml; path = Info.plist; sourceTree = "<group>"; };
		9E4B9B662BB37105002CB451 /* ReceiptListViewModel.swift */ = {isa = PBXFileReference; lastKnownFileType = sourcecode.swift; path = ReceiptListViewModel.swift; sourceTree = "<group>"; };
		9E4B9B682BB37136002CB451 /* Receipt.swift */ = {isa = PBXFileReference; lastKnownFileType = sourcecode.swift; path = Receipt.swift; sourceTree = "<group>"; };
		9E4B9B6A2BB37199002CB451 /* ReceiptTableViewCell.swift */ = {isa = PBXFileReference; lastKnownFileType = sourcecode.swift; path = ReceiptTableViewCell.swift; sourceTree = "<group>"; };
		9E4B9B6C2BB3721B002CB451 /* ReceiptListViewController.swift */ = {isa = PBXFileReference; lastKnownFileType = sourcecode.swift; path = ReceiptListViewController.swift; sourceTree = "<group>"; };
		9E4B9B6E2BB372C3002CB451 /* ReceiptDetailViewController.swift */ = {isa = PBXFileReference; lastKnownFileType = sourcecode.swift; path = ReceiptDetailViewController.swift; sourceTree = "<group>"; };
/* End PBXFileReference section */

/* Begin PBXFrameworksBuildPhase section */
		9E4B9B452BB36EC8002CB451 /* Frameworks */ = {
			isa = PBXFrameworksBuildPhase;
			buildActionMask = 2147483647;
			files = (
			);
			runOnlyForDeploymentPostprocessing = 0;
		};
/* End PBXFrameworksBuildPhase section */

/* Begin PBXGroup section */
		9E4B9B3F2BB36EC8002CB451 = {
			isa = PBXGroup;
			children = (
				9E4B9B4A2BB36EC8002CB451 /* challenge-receipt */,
				9E4B9B492BB36EC8002CB451 /* Products */,
			);
			sourceTree = "<group>";
		};
		9E4B9B492BB36EC8002CB451 /* Products */ = {
			isa = PBXGroup;
			children = (
				9E4B9B482BB36EC8002CB451 /* challenge-receipt.app */,
			);
			name = Products;
			sourceTree = "<group>";
		};
		9E4B9B4A2BB36EC8002CB451 /* challenge-receipt */ = {
			isa = PBXGroup;
			children = (
				9E4B9B652BB370E8002CB451 /* ViewModel */,
				9E4B9B642BB370DE002CB451 /* ViewController */,
				9E4B9B632BB370D8002CB451 /* View */,
				9E4B9B622BB370D2002CB451 /* Model */,
				9E4B9B4B2BB36EC8002CB451 /* AppDelegate.swift */,
				9E4B9B4D2BB36EC8002CB451 /* SceneDelegate.swift */,
				9E4B9B4F2BB36EC8002CB451 /* ViewController.swift */,
				9E4B9B512BB36EC8002CB451 /* Main.storyboard */,
				9E4B9B572BB36ECA002CB451 /* Assets.xcassets */,
				9E4B9B592BB36ECA002CB451 /* LaunchScreen.storyboard */,
				9E4B9B5C2BB36ECA002CB451 /* Info.plist */,
				9E4B9B542BB36EC8002CB451 /* challenge_receipt.xcdatamodeld */,
			);
			path = "challenge-receipt";
			sourceTree = "<group>";
		};
		9E4B9B622BB370D2002CB451 /* Model */ = {
			isa = PBXGroup;
			children = (
				9E4B9B682BB37136002CB451 /* Receipt.swift */,
			);
			path = Model;
			sourceTree = "<group>";
		};
		9E4B9B632BB370D8002CB451 /* View */ = {
			isa = PBXGroup;
			children = (
				9E4B9B6A2BB37199002CB451 /* ReceiptTableViewCell.swift */,
			);
			path = View;
			sourceTree = "<group>";
		};
		9E4B9B642BB370DE002CB451 /* ViewController */ = {
			isa = PBXGroup;
			children = (
				9E4B9B6C2BB3721B002CB451 /* ReceiptListViewController.swift */,
				9E4B9B6E2BB372C3002CB451 /* ReceiptDetailViewController.swift */,
			);
			path = ViewController;
			sourceTree = "<group>";
		};
		9E4B9B652BB370E8002CB451 /* ViewModel */ = {
			isa = PBXGroup;
			children = (
				9E4B9B662BB37105002CB451 /* ReceiptListViewModel.swift */,
			);
			path = ViewModel;
			sourceTree = "<group>";
		};
/* End PBXGroup section */

/* Begin PBXNativeTarget section */
		9E4B9B472BB36EC8002CB451 /* challenge-receipt */ = {
			isa = PBXNativeTarget;
			buildConfigurationList = 9E4B9B5F2BB36ECA002CB451 /* Build configuration list for PBXNativeTarget "challenge-receipt" */;
			buildPhases = (
				9E4B9B442BB36EC8002CB451 /* Sources */,
				9E4B9B452BB36EC8002CB451 /* Frameworks */,
				9E4B9B462BB36EC8002CB451 /* Resources */,
			);
			buildRules = (
			);
			dependencies = (
			);
			name = "challenge-receipt";
			productName = "challenge-receipt";
			productReference = 9E4B9B482BB36EC8002CB451 /* challenge-receipt.app */;
			productType = "com.apple.product-type.application";
		};
/* End PBXNativeTarget section */

/* Begin PBXProject section */
		9E4B9B402BB36EC8002CB451 /* Project object */ = {
			isa = PBXProject;
			attributes = {
				BuildIndependentTargetsInParallel = 1;
				LastSwiftUpdateCheck = 1530;
				LastUpgradeCheck = 1530;
				TargetAttributes = {
					9E4B9B472BB36EC8002CB451 = {
						CreatedOnToolsVersion = 15.3;
					};
				};
			};
			buildConfigurationList = 9E4B9B432BB36EC8002CB451 /* Build configuration list for PBXProject "challenge-receipt" */;
			compatibilityVersion = "Xcode 14.0";
			developmentRegion = en;
			hasScannedForEncodings = 0;
			knownRegions = (
				en,
				Base,
			);
			mainGroup = 9E4B9B3F2BB36EC8002CB451;
			productRefGroup = 9E4B9B492BB36EC8002CB451 /* Products */;
			projectDirPath = "";
			projectRoot = "";
			targets = (
				9E4B9B472BB36EC8002CB451 /* challenge-receipt */,
			);
		};
/* End PBXProject section */

/* Begin PBXResourcesBuildPhase section */
		9E4B9B462BB36EC8002CB451 /* Resources */ = {
			isa = PBXResourcesBuildPhase;
			buildActionMask = 2147483647;
			files = (
				9E4B9B582BB36ECA002CB451 /* Assets.xcassets in Resources */,
				9E4B9B5B2BB36ECA002CB451 /* Base in Resources */,
				9E4B9B532BB36EC8002CB451 /* Base in Resources */,
			);
			runOnlyForDeploymentPostprocessing = 0;
		};
/* End PBXResourcesBuildPhase section */

/* Begin PBXSourcesBuildPhase section */
		9E4B9B442BB36EC8002CB451 /* Sources */ = {
			isa = PBXSourcesBuildPhase;
			buildActionMask = 2147483647;
			files = (
				9E4B9B692BB37136002CB451 /* Receipt.swift in Sources */,
				9E4B9B6F2BB372C3002CB451 /* ReceiptDetailViewController.swift in Sources */,
				9E4B9B6D2BB3721B002CB451 /* ReceiptListViewController.swift in Sources */,
				9E4B9B562BB36EC8002CB451 /* challenge_receipt.xcdatamodeld in Sources */,
				9E4B9B502BB36EC8002CB451 /* ViewController.swift in Sources */,
				9E4B9B4C2BB36EC8002CB451 /* AppDelegate.swift in Sources */,
				9E4B9B6B2BB37199002CB451 /* ReceiptTableViewCell.swift in Sources */,
				9E4B9B672BB37105002CB451 /* ReceiptListViewModel.swift in Sources */,
				9E4B9B4E2BB36EC8002CB451 /* SceneDelegate.swift in Sources */,
			);
			runOnlyForDeploymentPostprocessing = 0;
		};
/* End PBXSourcesBuildPhase section */

/* Begin PBXVariantGroup section */
		9E4B9B512BB36EC8002CB451 /* Main.storyboard */ = {
			isa = PBXVariantGroup;
			children = (
				9E4B9B522BB36EC8002CB451 /* Base */,
			);
			name = Main.storyboard;
			sourceTree = "<group>";
		};
		9E4B9B592BB36ECA002CB451 /* LaunchScreen.storyboard */ = {
			isa = PBXVariantGroup;
			children = (
				9E4B9B5A2BB36ECA002CB451 /* Base */,
			);
			name = LaunchScreen.storyboard;
			sourceTree = "<group>";
		};
/* End PBXVariantGroup section */

/* Begin XCBuildConfiguration section */
		9E4B9B5D2BB36ECA002CB451 /* Debug */ = {
			isa = XCBuildConfiguration;
			buildSettings = {
				ALWAYS_SEARCH_USER_PATHS = NO;
				ASSETCATALOG_COMPILER_GENERATE_SWIFT_ASSET_SYMBOL_EXTENSIONS = YES;
				CLANG_ANALYZER_NONNULL = YES;
				CLANG_ANALYZER_NUMBER_OBJECT_CONVERSION = YES_AGGRESSIVE;
				CLANG_CXX_LANGUAGE_STANDARD = "gnu++20";
				CLANG_ENABLE_MODULES = YES;
				CLANG_ENABLE_OBJC_ARC = YES;
				CLANG_ENABLE_OBJC_WEAK = YES;
				CLANG_WARN_BLOCK_CAPTURE_AUTORELEASING = YES;
				CLANG_WARN_BOOL_CONVERSION = YES;
				CLANG_WARN_COMMA = YES;
				CLANG_WARN_CONSTANT_CONVERSION = YES;
				CLANG_WARN_DEPRECATED_OBJC_IMPLEMENTATIONS = YES;
				CLANG_WARN_DIRECT_OBJC_ISA_USAGE = YES_ERROR;
				CLANG_WARN_DOCUMENTATION_COMMENTS = YES;
				CLANG_WARN_EMPTY_BODY = YES;
				CLANG_WARN_ENUM_CONVERSION = YES;
				CLANG_WARN_INFINITE_RECURSION = YES;
				CLANG_WARN_INT_CONVERSION = YES;
				CLANG_WARN_NON_LITERAL_NULL_CONVERSION = YES;
				CLANG_WARN_OBJC_IMPLICIT_RETAIN_SELF = YES;
				CLANG_WARN_OBJC_LITERAL_CONVERSION = YES;
				CLANG_WARN_OBJC_ROOT_CLASS = YES_ERROR;
				CLANG_WARN_QUOTED_INCLUDE_IN_FRAMEWORK_HEADER = YES;
				CLANG_WARN_RANGE_LOOP_ANALYSIS = YES;
				CLANG_WARN_STRICT_PROTOTYPES = YES;
				CLANG_WARN_SUSPICIOUS_MOVE = YES;
				CLANG_WARN_UNGUARDED_AVAILABILITY = YES_AGGRESSIVE;
				CLANG_WARN_UNREACHABLE_CODE = YES;
				CLANG_WARN__DUPLICATE_METHOD_MATCH = YES;
				COPY_PHASE_STRIP = NO;
				DEBUG_INFORMATION_FORMAT = dwarf;
				ENABLE_STRICT_OBJC_MSGSEND = YES;
				ENABLE_TESTABILITY = YES;
				ENABLE_USER_SCRIPT_SANDBOXING = YES;
				GCC_C_LANGUAGE_STANDARD = gnu17;
				GCC_DYNAMIC_NO_PIC = NO;
				GCC_NO_COMMON_BLOCKS = YES;
				GCC_OPTIMIZATION_LEVEL = 0;
				GCC_PREPROCESSOR_DEFINITIONS = (
					"DEBUG=1",
					"$(inherited)",
				);
				GCC_WARN_64_TO_32_BIT_CONVERSION = YES;
				GCC_WARN_ABOUT_RETURN_TYPE = YES_ERROR;
				GCC_WARN_UNDECLARED_SELECTOR = YES;
				GCC_WARN_UNINITIALIZED_AUTOS = YES_AGGRESSIVE;
				GCC_WARN_UNUSED_FUNCTION = YES;
				GCC_WARN_UNUSED_VARIABLE = YES;
				IPHONEOS_DEPLOYMENT_TARGET = 17.4;
				LOCALIZATION_PREFERS_STRING_CATALOGS = YES;
				MTL_ENABLE_DEBUG_INFO = INCLUDE_SOURCE;
				MTL_FAST_MATH = YES;
				ONLY_ACTIVE_ARCH = YES;
				SDKROOT = iphoneos;
				SWIFT_ACTIVE_COMPILATION_CONDITIONS = "DEBUG $(inherited)";
				SWIFT_OPTIMIZATION_LEVEL = "-Onone";
			};
			name = Debug;
		};
		9E4B9B5E2BB36ECA002CB451 /* Release */ = {
			isa = XCBuildConfiguration;
			buildSettings = {
				ALWAYS_SEARCH_USER_PATHS = NO;
				ASSETCATALOG_COMPILER_GENERATE_SWIFT_ASSET_SYMBOL_EXTENSIONS = YES;
				CLANG_ANALYZER_NONNULL = YES;
				CLANG_ANALYZER_NUMBER_OBJECT_CONVERSION = YES_AGGRESSIVE;
				CLANG_CXX_LANGUAGE_STANDARD = "gnu++20";
				CLANG_ENABLE_MODULES = YES;
				CLANG_ENABLE_OBJC_ARC = YES;
				CLANG_ENABLE_OBJC_WEAK = YES;
				CLANG_WARN_BLOCK_CAPTURE_AUTORELEASING = YES;
				CLANG_WARN_BOOL_CONVERSION = YES;
				CLANG_WARN_COMMA = YES;
				CLANG_WARN_CONSTANT_CONVERSION = YES;
				CLANG_WARN_DEPRECATED_OBJC_IMPLEMENTATIONS = YES;
				CLANG_WARN_DIRECT_OBJC_ISA_USAGE = YES_ERROR;
				CLANG_WARN_DOCUMENTATION_COMMENTS = YES;
				CLANG_WARN_EMPTY_BODY = YES;
				CLANG_WARN_ENUM_CONVERSION = YES;
				CLANG_WARN_INFINITE_RECURSION = YES;
				CLANG_WARN_INT_CONVERSION = YES;
				CLANG_WARN_NON_LITERAL_NULL_CONVERSION = YES;
				CLANG_WARN_OBJC_IMPLICIT_RETAIN_SELF = YES;
				CLANG_WARN_OBJC_LITERAL_CONVERSION = YES;
				CLANG_WARN_OBJC_ROOT_CLASS = YES_ERROR;
				CLANG_WARN_QUOTED_INCLUDE_IN_FRAMEWORK_HEADER = YES;
				CLANG_WARN_RANGE_LOOP_ANALYSIS = YES;
				CLANG_WARN_STRICT_PROTOTYPES = YES;
				CLANG_WARN_SUSPICIOUS_MOVE = YES;
				CLANG_WARN_UNGUARDED_AVAILABILITY = YES_AGGRESSIVE;
				CLANG_WARN_UNREACHABLE_CODE = YES;
				CLANG_WARN__DUPLICATE_METHOD_MATCH = YES;
				COPY_PHASE_STRIP = NO;
				DEBUG_INFORMATION_FORMAT = "dwarf-with-dsym";
				ENABLE_NS_ASSERTIONS = NO;
				ENABLE_STRICT_OBJC_MSGSEND = YES;
				ENABLE_USER_SCRIPT_SANDBOXING = YES;
				GCC_C_LANGUAGE_STANDARD = gnu17;
				GCC_NO_COMMON_BLOCKS = YES;
				GCC_WARN_64_TO_32_BIT_CONVERSION = YES;
				GCC_WARN_ABOUT_RETURN_TYPE = YES_ERROR;
				GCC_WARN_UNDECLARED_SELECTOR = YES;
				GCC_WARN_UNINITIALIZED_AUTOS = YES_AGGRESSIVE;
				GCC_WARN_UNUSED_FUNCTION = YES;
				GCC_WARN_UNUSED_VARIABLE = YES;
				IPHONEOS_DEPLOYMENT_TARGET = 17.4;
				LOCALIZATION_PREFERS_STRING_CATALOGS = YES;
				MTL_ENABLE_DEBUG_INFO = NO;
				MTL_FAST_MATH = YES;
				SDKROOT = iphoneos;
				SWIFT_COMPILATION_MODE = wholemodule;
				VALIDATE_PRODUCT = YES;
			};
			name = Release;
		};
		9E4B9B602BB36ECA002CB451 /* Debug */ = {
			isa = XCBuildConfiguration;
			buildSettings = {
				ASSETCATALOG_COMPILER_APPICON_NAME = AppIcon;
				ASSETCATALOG_COMPILER_GLOBAL_ACCENT_COLOR_NAME = AccentColor;
				CODE_SIGN_STYLE = Automatic;
				CURRENT_PROJECT_VERSION = 1;
				DEVELOPMENT_TEAM = 9Y3YYN3XLN;
				GENERATE_INFOPLIST_FILE = YES;
				INFOPLIST_FILE = "challenge-receipt/Info.plist";
				INFOPLIST_KEY_UIApplicationSupportsIndirectInputEvents = YES;
				INFOPLIST_KEY_UILaunchStoryboardName = LaunchScreen;
				INFOPLIST_KEY_UIMainStoryboardFile = Main;
				INFOPLIST_KEY_UISupportedInterfaceOrientations_iPad = "UIInterfaceOrientationPortrait UIInterfaceOrientationPortraitUpsideDown UIInterfaceOrientationLandscapeLeft UIInterfaceOrientationLandscapeRight";
				INFOPLIST_KEY_UISupportedInterfaceOrientations_iPhone = "UIInterfaceOrientationPortrait UIInterfaceOrientationLandscapeLeft UIInterfaceOrientationLandscapeRight";
				LD_RUNPATH_SEARCH_PATHS = (
					"$(inherited)",
					"@executable_path/Frameworks",
				);
				MARKETING_VERSION = 1.0;
				PRODUCT_BUNDLE_IDENTIFIER = "br.comteste.challenge-receipt";
				PRODUCT_NAME = "$(TARGET_NAME)";
				SWIFT_EMIT_LOC_STRINGS = YES;
				SWIFT_VERSION = 5.0;
				TARGETED_DEVICE_FAMILY = "1,2";
			};
			name = Debug;
		};
		9E4B9B612BB36ECA002CB451 /* Release */ = {
			isa = XCBuildConfiguration;
			buildSettings = {
				ASSETCATALOG_COMPILER_APPICON_NAME = AppIcon;
				ASSETCATALOG_COMPILER_GLOBAL_ACCENT_COLOR_NAME = AccentColor;
				CODE_SIGN_STYLE = Automatic;
				CURRENT_PROJECT_VERSION = 1;
				DEVELOPMENT_TEAM = 9Y3YYN3XLN;
				GENERATE_INFOPLIST_FILE = YES;
				INFOPLIST_FILE = "challenge-receipt/Info.plist";
				INFOPLIST_KEY_UIApplicationSupportsIndirectInputEvents = YES;
				INFOPLIST_KEY_UILaunchStoryboardName = LaunchScreen;
				INFOPLIST_KEY_UIMainStoryboardFile = Main;
				INFOPLIST_KEY_UISupportedInterfaceOrientations_iPad = "UIInterfaceOrientationPortrait UIInterfaceOrientationPortraitUpsideDown UIInterfaceOrientationLandscapeLeft UIInterfaceOrientationLandscapeRight";
				INFOPLIST_KEY_UISupportedInterfaceOrientations_iPhone = "UIInterfaceOrientationPortrait UIInterfaceOrientationLandscapeLeft UIInterfaceOrientationLandscapeRight";
				LD_RUNPATH_SEARCH_PATHS = (
					"$(inherited)",
					"@executable_path/Frameworks",
				);
				MARKETING_VERSION = 1.0;
				PRODUCT_BUNDLE_IDENTIFIER = "br.comteste.challenge-receipt";
				PRODUCT_NAME = "$(TARGET_NAME)";
				SWIFT_EMIT_LOC_STRINGS = YES;
				SWIFT_VERSION = 5.0;
				TARGETED_DEVICE_FAMILY = "1,2";
			};
			name = Release;
		};
/* End XCBuildConfiguration section */

/* Begin XCConfigurationList section */
		9E4B9B432BB36EC8002CB451 /* Build configuration list for PBXProject "challenge-receipt" */ = {
			isa = XCConfigurationList;
			buildConfigurations = (
				9E4B9B5D2BB36ECA002CB451 /* Debug */,
				9E4B9B5E2BB36ECA002CB451 /* Release */,
			);
			defaultConfigurationIsVisible = 0;
			defaultConfigurationName = Release;
		};
		9E4B9B5F2BB36ECA002CB451 /* Build configuration list for PBXNativeTarget "challenge-receipt" */ = {
			isa = XCConfigurationList;
			buildConfigurations = (
				9E4B9B602BB36ECA002CB451 /* Debug */,
				9E4B9B612BB36ECA002CB451 /* Release */,
			);
			defaultConfigurationIsVisible = 0;
			defaultConfigurationName = Release;
		};
/* End XCConfigurationList section */

/* Begin XCVersionGroup section */
		9E4B9B542BB36EC8002CB451 /* challenge_receipt.xcdatamodeld */ = {
			isa = XCVersionGroup;
			children = (
				9E4B9B552BB36EC8002CB451 /* challenge_receipt.xcdatamodel */,
			);
			currentVersion = 9E4B9B552BB36EC8002CB451 /* challenge_receipt.xcdatamodel */;
			path = challenge_receipt.xcdatamodeld;
			sourceTree = "<group>";
			versionGroupType = wrapper.xcdatamodel;
		};
/* End XCVersionGroup section */
	};
	rootObject = 9E4B9B402BB36EC8002CB451 /* Project object */;
}
